
Microsoft Visual Studio Solution File, Format Version 12.00
# Visual Studio Version 17
VisualStudioVersion = 17.11.35327.3
MinimumVisualStudioVersion = 10.0.40219.1
Project("{9A19103F-16F7-4668-BE54-9A1E7A4F7556}") = "Dokremstroi.Data", "Dokremstroi.Data\Dokremstroi.Data.csproj", "{7223BBEC-B047-499C-B786-B7C261887004}"
EndProject
Project("{9A19103F-16F7-4668-BE54-9A1E7A4F7556}") = "Dokremstroi.Services", "Dokremstroi.Services\Dokremstroi.Services.csproj", "{C6D84301-FF48-4BD5-BD04-504033207F07}"
EndProject
Project("{9A19103F-16F7-4668-BE54-9A1E7A4F7556}") = "Dokremstroi.Server", "Dokremstroi\Dokremstroi.Server\Dokremstroi.Server.csproj", "{F58E2367-6873-4960-87DE-EBEE6013C821}"
EndProject
Project("{54A90642-561A-4BB1-A94E-469ADEE60C69}") = "dokremstroi.client", "Dokremstroi\dokremstroi.client\dokremstroi.client.esproj", "{63B05547-C23E-485D-BBD9-24322B5EF579}"
EndProject
Project("{FAE04EC0-301F-11D3-BF4B-00C04F79EFBC}") = "Dokremstroi.Tests", "Dokremstroi.Tests\Dokremstroi.Tests.csproj", "{D1B0D1D4-B6CF-4E95-BA34-E877683E17C7}"
EndProject
Global
	GlobalSection(SolutionConfigurationPlatforms) = preSolution
		Debug|Any CPU = Debug|Any CPU
		Release|Any CPU = Release|Any CPU
	EndGlobalSection
	GlobalSection(ProjectConfigurationPlatforms) = postSolution
		{7223BBEC-B047-499C-B786-B7C261887004}.Debug|Any CPU.ActiveCfg = Debug|Any CPU
		{7223BBEC-B047-499C-B786-B7C261887004}.Debug|Any CPU.Build.0 = Debug|Any CPU
		{7223BBEC-B047-499C-B786-B7C261887004}.Release|Any CPU.ActiveCfg = Release|Any CPU
		{7223BBEC-B047-499C-B786-B7C261887004}.Release|Any CPU.Build.0 = Release|Any CPU
		{C6D84301-FF48-4BD5-BD04-504033207F07}.Debug|Any CPU.ActiveCfg = Debug|Any CPU
		{C6D84301-FF48-4BD5-BD04-504033207F07}.Debug|Any CPU.Build.0 = Debug|Any CPU
		{C6D84301-FF48-4BD5-BD04-504033207F07}.Release|Any CPU.ActiveCfg = Release|Any CPU
		{C6D84301-FF48-4BD5-BD04-504033207F07}.Release|Any CPU.Build.0 = Release|Any CPU
		{F58E2367-6873-4960-87DE-EBEE6013C821}.Debug|Any CPU.ActiveCfg = Debug|Any CPU
		{F58E2367-6873-4960-87DE-EBEE6013C821}.Debug|Any CPU.Build.0 = Debug|Any CPU
		{F58E2367-6873-4960-87DE-EBEE6013C821}.Release|Any CPU.ActiveCfg = Release|Any CPU
		{F58E2367-6873-4960-87DE-EBEE6013C821}.Release|Any CPU.Build.0 = Release|Any CPU
		{63B05547-C23E-485D-BBD9-24322B5EF579}.Debug|Any CPU.ActiveCfg = Debug|Any CPU
		{63B05547-C23E-485D-BBD9-24322B5EF579}.Debug|Any CPU.Build.0 = Debug|Any CPU
		{63B05547-C23E-485D-BBD9-24322B5EF579}.Debug|Any CPU.Deploy.0 = Debug|Any CPU
		{63B05547-C23E-485D-BBD9-24322B5EF579}.Release|Any CPU.ActiveCfg = Release|Any CPU
		{63B05547-C23E-485D-BBD9-24322B5EF579}.Release|Any CPU.Build.0 = Release|Any CPU
		{63B05547-C23E-485D-BBD9-24322B5EF579}.Release|Any CPU.Deploy.0 = Release|Any CPU
		{D1B0D1D4-B6CF-4E95-BA34-E877683E17C7}.Debug|Any CPU.ActiveCfg = Debug|Any CPU
		{D1B0D1D4-B6CF-4E95-BA34-E877683E17C7}.Debug|Any CPU.Build.0 = Debug|Any CPU
		{D1B0D1D4-B6CF-4E95-BA34-E877683E17C7}.Release|Any CPU.ActiveCfg = Release|Any CPU
		{D1B0D1D4-B6CF-4E95-BA34-E877683E17C7}.Release|Any CPU.Build.0 = Release|Any CPU
	EndGlobalSection
	GlobalSection(SolutionProperties) = preSolution
		HideSolutionNode = FALSE
	EndGlobalSection
	GlobalSection(ExtensibilityGlobals) = postSolution
		SolutionGuid = {9F75945D-6954-4A20-8AD5-C356D85BD761}
	EndGlobalSection
EndGlobal
